{
  "name": "fastgpt-sso",
  "version": "1.0.0",
  "lockfileVersion": 3,
  "requires": true,
  "packages": {
    "": {
      "name": "fastgpt-sso",
      "version": "1.0.0",
      "dependencies": {
        "@node-saml/node-saml": "^5.0.0",
        "axios": "^1.8.2",
        "bun": "^1.2.19",
        "cors": "^2.8.5",
        "dotenv": "^16.3.1",
        "express": "^4.18.2",
        "jsonwebtoken": "^9.0.2",
        "ldapjs": "^3.0.7",
        "metadata-saml2": "^2.0.1",
        "mysql2": "^3.14.1",
        "xml2js": "^0.6.2"
      },
      "devDependencies": {
        "@types/cors": "^2.8.17",
        "@types/express": "^4.17.21",
        "@types/jsonwebtoken": "^9.0.10",
        "@types/ldapjs": "^3.0.6",
        "@types/xml2js": "^0.4.14"
      }
    },
    "../../node_modules/.pnpm/@types+cors@2.8.17/node_modules/@types/cors": {
      "version": "2.8.17",
      "dev": true,
      "license": "MIT",
      "dependencies": {
        "@types/node": "*"
      }
    },
    "../../node_modules/.pnpm/@types+express@4.17.21/node_modules/@types/express": {
      "version": "4.17.21",
      "dev": true,
      "license": "MIT",
      "dependencies": {
        "@types/body-parser": "*",
        "@types/express-serve-static-core": "^4.17.33",
        "@types/qs": "*",
        "@types/serve-static": "*"
      }
    },
    "../../node_modules/.pnpm/@types+xml2js@0.4.14/node_modules/@types/xml2js": {
      "version": "0.4.14",
      "license": "MIT",
      "dependencies": {
        "@types/node": "*"
      }
    },
    "../../node_modules/.pnpm/cors@2.8.5/node_modules/cors": {
      "version": "2.8.5",
      "license": "MIT",
      "dependencies": {
        "object-assign": "^4",
        "vary": "^1"
      },
      "devDependencies": {
        "after": "0.8.2",
        "eslint": "2.13.1",
        "express": "4.16.3",
        "mocha": "5.2.0",
        "nyc": "13.1.0",
        "supertest": "3.3.0"
      },
      "engines": {
        "node": ">= 0.10"
      }
    },
    "../../node_modules/.pnpm/dotenv@16.4.7/node_modules/dotenv": {
      "version": "16.4.7",
      "license": "BSD-2-Clause",
      "devDependencies": {
        "@types/node": "^18.11.3",
        "decache": "^4.6.2",
        "sinon": "^14.0.1",
        "standard": "^17.0.0",
        "standard-version": "^9.5.0",
        "tap": "^19.2.0",
        "typescript": "^4.8.4"
      },
      "engines": {
        "node": ">=12"
      },
      "funding": {
        "url": "https://dotenvx.com"
      }
    },
    "../../node_modules/.pnpm/express@4.21.2/node_modules/express": {
      "version": "4.21.2",
      "license": "MIT",
      "dependencies": {
        "accepts": "~1.3.8",
        "array-flatten": "1.1.1",
        "body-parser": "1.20.3",
        "content-disposition": "0.5.4",
        "content-type": "~1.0.4",
        "cookie": "0.7.1",
        "cookie-signature": "1.0.6",
        "debug": "2.6.9",
        "depd": "2.0.0",
        "encodeurl": "~2.0.0",
        "escape-html": "~1.0.3",
        "etag": "~1.8.1",
        "finalhandler": "1.3.1",
        "fresh": "0.5.2",
        "http-errors": "2.0.0",
        "merge-descriptors": "1.0.3",
        "methods": "~1.1.2",
        "on-finished": "2.4.1",
        "parseurl": "~1.3.3",
        "path-to-regexp": "0.1.12",
        "proxy-addr": "~2.0.7",
        "qs": "6.13.0",
        "range-parser": "~1.2.1",
        "safe-buffer": "5.2.1",
        "send": "0.19.0",
        "serve-static": "1.16.2",
        "setprototypeof": "1.2.0",
        "statuses": "2.0.1",
        "type-is": "~1.6.18",
        "utils-merge": "1.0.1",
        "vary": "~1.1.2"
      },
      "devDependencies": {
        "after": "0.8.2",
        "connect-redis": "3.4.2",
        "cookie-parser": "1.4.6",
        "cookie-session": "2.0.0",
        "ejs": "3.1.9",
        "eslint": "8.47.0",
        "express-session": "1.17.2",
        "hbs": "4.2.0",
        "marked": "0.7.0",
        "method-override": "3.0.0",
        "mocha": "10.2.0",
        "morgan": "1.10.0",
        "nyc": "15.1.0",
        "pbkdf2-password": "1.2.1",
        "supertest": "6.3.0",
        "vhost": "~3.0.2"
      },
      "engines": {
        "node": ">= 0.10.0"
      },
      "funding": {
        "type": "opencollective",
        "url": "https://opencollective.com/express"
      }
    },
    "../../node_modules/.pnpm/express@4.21.2/node_modules/express/node_modules/debug": {
      "version": "2.6.9",
      "license": "MIT",
      "dependencies": {
        "ms": "2.0.0"
      }
    },
    "../../node_modules/.pnpm/express@4.21.2/node_modules/express/node_modules/debug/node_modules/ms": {
      "version": "2.0.0",
      "license": "MIT"
    },
    "../../node_modules/.pnpm/metadata-saml2@2.0.1/node_modules/metadata-saml2": {
      "version": "2.0.1",
      "license": "MIT",
      "dependencies": {
        "xml2js": "^0.4.23"
      },
      "devDependencies": {
        "jest": "^26.6.3",
        "standard": "^16.0.3"
      }
    },
    "../../node_modules/.pnpm/metadata-saml2@2.0.1/node_modules/metadata-saml2/node_modules/xml2js": {
      "version": "0.4.23",
      "license": "MIT",
      "dependencies": {
        "sax": ">=0.6.0",
        "xmlbuilder": "~11.0.0"
      },
      "engines": {
        "node": ">=4.0.0"
      }
    },
    "../../node_modules/.pnpm/metadata-saml2@2.0.1/node_modules/metadata-saml2/node_modules/xml2js/node_modules/xmlbuilder": {
      "version": "11.0.1",
      "license": "MIT",
      "engines": {
        "node": ">=4.0"
      }
    },
    "../../node_modules/.pnpm/xml2js@0.6.2/node_modules/xml2js": {
      "version": "0.6.2",
      "license": "MIT",
      "dependencies": {
        "sax": ">=0.6.0",
        "xmlbuilder": "~11.0.0"
      },
      "devDependencies": {
        "coffeescript": ">=1.10.0 <2",
        "coveralls": "^3.0.1",
        "diff": ">=1.0.8",
        "docco": ">=0.6.2",
        "nyc": ">=2.2.1",
        "zap": ">=0.2.9 <1"
      },
      "engines": {
        "node": ">=4.0.0"
      }
    },
    "../../node_modules/.pnpm/xml2js@0.6.2/node_modules/xml2js/node_modules/xmlbuilder": {
      "version": "11.0.1",
      "license": "MIT",
      "engines": {
        "node": ">=4.0"
      }
    },
    "node_modules/@ldapjs/asn1": {
      "version": "2.0.0",
      "resolved": "https://registry.npmmirror.com/@ldapjs/asn1/-/asn1-2.0.0.tgz",
      "integrity": "sha512-G9+DkEOirNgdPmD0I8nu57ygQJKOOgFEMKknEuQvIHbGLwP3ny1mY+OTUYLCbCaGJP4sox5eYgBJRuSUpnAddA==",
      "deprecated": "This package has been decomissioned. See https://github.com/ldapjs/node-ldapjs/blob/8ffd0bc9c149088a10ec4c1ec6a18450f76ad05d/README.md",
      "license": "MIT"
    },
    "node_modules/@ldapjs/attribute": {
      "version": "1.0.0",
      "resolved": "https://registry.npmmirror.com/@ldapjs/attribute/-/attribute-1.0.0.tgz",
      "integrity": "sha512-ptMl2d/5xJ0q+RgmnqOi3Zgwk/TMJYG7dYMC0Keko+yZU6n+oFM59MjQOUht5pxJeS4FWrImhu/LebX24vJNRQ==",
      "deprecated": "This package has been decomissioned. See https://github.com/ldapjs/node-ldapjs/blob/8ffd0bc9c149088a10ec4c1ec6a18450f76ad05d/README.md",
      "license": "MIT",
      "dependencies": {
        "@ldapjs/asn1": "2.0.0",
        "@ldapjs/protocol": "^1.2.1",
        "process-warning": "^2.1.0"
      }
    },
    "node_modules/@ldapjs/change": {
      "version": "1.0.0",
      "resolved": "https://registry.npmmirror.com/@ldapjs/change/-/change-1.0.0.tgz",
      "integrity": "sha512-EOQNFH1RIku3M1s0OAJOzGfAohuFYXFY4s73wOhRm4KFGhmQQ7MChOh2YtYu9Kwgvuq1B0xKciXVzHCGkB5V+Q==",
      "deprecated": "This package has been decomissioned. See https://github.com/ldapjs/node-ldapjs/blob/8ffd0bc9c149088a10ec4c1ec6a18450f76ad05d/README.md",
      "license": "MIT",
      "dependencies": {
        "@ldapjs/asn1": "2.0.0",
        "@ldapjs/attribute": "1.0.0"
      }
    },
    "node_modules/@ldapjs/controls": {
      "version": "2.1.0",
      "resolved": "https://registry.npmmirror.com/@ldapjs/controls/-/controls-2.1.0.tgz",
      "integrity": "sha512-2pFdD1yRC9V9hXfAWvCCO2RRWK9OdIEcJIos/9cCVP9O4k72BY1bLDQQ4KpUoJnl4y/JoD4iFgM+YWT3IfITWw==",
      "deprecated": "This package has been decomissioned. See https://github.com/ldapjs/node-ldapjs/blob/8ffd0bc9c149088a10ec4c1ec6a18450f76ad05d/README.md",
      "license": "MIT",
      "dependencies": {
        "@ldapjs/asn1": "^1.2.0",
        "@ldapjs/protocol": "^1.2.1"
      }
    },
    "node_modules/@ldapjs/controls/node_modules/@ldapjs/asn1": {
      "version": "1.2.0",
      "resolved": "https://registry.npmmirror.com/@ldapjs/asn1/-/asn1-1.2.0.tgz",
      "integrity": "sha512-KX/qQJ2xxzvO2/WOvr1UdQ+8P5dVvuOLk/C9b1bIkXxZss8BaR28njXdPgFCpj5aHaf1t8PmuVnea+N9YG9YMw==",
      "deprecated": "This package has been decomissioned. See https://github.com/ldapjs/node-ldapjs/blob/8ffd0bc9c149088a10ec4c1ec6a18450f76ad05d/README.md",
      "license": "MIT"
    },
    "node_modules/@ldapjs/dn": {
      "version": "1.1.0",
      "resolved": "https://registry.npmmirror.com/@ldapjs/dn/-/dn-1.1.0.tgz",
      "integrity": "sha512-R72zH5ZeBj/Fujf/yBu78YzpJjJXG46YHFo5E4W1EqfNpo1UsVPqdLrRMXeKIsJT3x9dJVIfR6OpzgINlKpi0A==",
      "deprecated": "This package has been decomissioned. See https://github.com/ldapjs/node-ldapjs/blob/8ffd0bc9c149088a10ec4c1ec6a18450f76ad05d/README.md",
      "license": "MIT",
      "dependencies": {
        "@ldapjs/asn1": "2.0.0",
        "process-warning": "^2.1.0"
      }
    },
    "node_modules/@ldapjs/filter": {
      "version": "2.1.1",
      "resolved": "https://registry.npmmirror.com/@ldapjs/filter/-/filter-2.1.1.tgz",
      "integrity": "sha512-TwPK5eEgNdUO1ABPBUQabcZ+h9heDORE4V9WNZqCtYLKc06+6+UAJ3IAbr0L0bYTnkkWC/JEQD2F+zAFsuikNw==",
      "deprecated": "This package has been decomissioned. See https://github.com/ldapjs/node-ldapjs/blob/8ffd0bc9c149088a10ec4c1ec6a18450f76ad05d/README.md",
      "license": "MIT",
      "dependencies": {
        "@ldapjs/asn1": "2.0.0",
        "@ldapjs/protocol": "^1.2.1",
        "process-warning": "^2.1.0"
      }
    },
    "node_modules/@ldapjs/messages": {
      "version": "1.3.0",
      "resolved": "https://registry.npmmirror.com/@ldapjs/messages/-/messages-1.3.0.tgz",
      "integrity": "sha512-K7xZpXJ21bj92jS35wtRbdcNrwmxAtPwy4myeh9duy/eR3xQKvikVycbdWVzkYEAVE5Ce520VXNOwCHjomjCZw==",
      "deprecated": "This package has been decomissioned. See https://github.com/ldapjs/node-ldapjs/blob/8ffd0bc9c149088a10ec4c1ec6a18450f76ad05d/README.md",
      "license": "MIT",
      "dependencies": {
        "@ldapjs/asn1": "^2.0.0",
        "@ldapjs/attribute": "^1.0.0",
        "@ldapjs/change": "^1.0.0",
        "@ldapjs/controls": "^2.1.0",
        "@ldapjs/dn": "^1.1.0",
        "@ldapjs/filter": "^2.1.1",
        "@ldapjs/protocol": "^1.2.1",
        "process-warning": "^2.2.0"
      }
    },
    "node_modules/@ldapjs/protocol": {
      "version": "1.2.1",
      "resolved": "https://registry.npmmirror.com/@ldapjs/protocol/-/protocol-1.2.1.tgz",
      "integrity": "sha512-O89xFDLW2gBoZWNXuXpBSM32/KealKCTb3JGtJdtUQc7RjAk8XzrRgyz02cPAwGKwKPxy0ivuC7UP9bmN87egQ==",
      "deprecated": "This package has been decomissioned. See https://github.com/ldapjs/node-ldapjs/blob/8ffd0bc9c149088a10ec4c1ec6a18450f76ad05d/README.md",
      "license": "MIT"
    },
    "node_modules/@node-saml/node-saml": {
      "version": "5.0.0",
      "license": "MIT",
      "dependencies": {
        "@types/debug": "^4.1.12",
        "@types/qs": "^6.9.11",
        "@types/xml-encryption": "^1.2.4",
        "@types/xml2js": "^0.4.14",
        "@xmldom/is-dom-node": "^1.0.1",
        "@xmldom/xmldom": "^0.8.10",
        "debug": "^4.3.4",
        "xml-crypto": "^6.0.0",
        "xml-encryption": "^3.0.2",
        "xml2js": "^0.6.2",
        "xmlbuilder": "^15.1.1",
        "xpath": "^0.0.34"
      },
      "engines": {
        "node": ">= 18"
      }
    },
    "node_modules/@oven/bun-darwin-aarch64": {
      "version": "1.2.19",
      "resolved": "https://registry.npmmirror.com/@oven/bun-darwin-aarch64/-/bun-darwin-aarch64-1.2.19.tgz",
      "integrity": "sha512-pJBuez9gwR03Wjtk4hSSBA6QgNdhvPLbrxU4DDzVY8Ee+Q67xNkU0CMK6rFdQF8Qetj2R+Vf8AJDlwAc1QdG1w==",
      "cpu": [
        "arm64"
      ],
      "license": "MIT",
      "optional": true,
      "os": [
        "darwin"
      ]
    },
    "node_modules/@oven/bun-darwin-x64": {
      "version": "1.2.19",
      "resolved": "https://registry.npmmirror.com/@oven/bun-darwin-x64/-/bun-darwin-x64-1.2.19.tgz",
      "integrity": "sha512-dsgmgDOG++JsQ3wXEyTiUzhT/4wqcnAxfCQOPho6LgosVUPs6etn01uA1yCySjSk8DrugQIivXB2TaqoOrhKJg==",
      "cpu": [
        "x64"
      ],
      "license": "MIT",
      "optional": true,
      "os": [
        "darwin"
      ]
    },
    "node_modules/@oven/bun-darwin-x64-baseline": {
      "version": "1.2.19",
      "resolved": "https://registry.npmmirror.com/@oven/bun-darwin-x64-baseline/-/bun-darwin-x64-baseline-1.2.19.tgz",
      "integrity": "sha512-fOqbLeP3MoSbeosykTp1+BYSKDJxdjWKyxbPqHTJK2Mnt78+LPTE2yQbCzUL5LBLSRVkIxbTyIcEZxVg3eJmYg==",
      "cpu": [
        "x64"
      ],
      "license": "MIT",
      "optional": true,
      "os": [
        "darwin"
      ]
    },
    "node_modules/@oven/bun-linux-aarch64": {
      "version": "1.2.19",
      "resolved": "https://registry.npmmirror.com/@oven/bun-linux-aarch64/-/bun-linux-aarch64-1.2.19.tgz",
      "integrity": "sha512-G4WYbvpfrR5dLBZQoNmYzt8DBguMpPeCz6feU3Qv9E6NmA3xiqyItyDAVgDJrllPk6hvbMi9dYNxXn0NVTjMfw==",
      "cpu": [
        "arm64"
      ],
      "license": "MIT",
      "optional": true,
      "os": [
        "linux"
      ]
    },
    "node_modules/@oven/bun-linux-aarch64-musl": {
      "version": "1.2.19",
      "resolved": "https://registry.npmmirror.com/@oven/bun-linux-aarch64-musl/-/bun-linux-aarch64-musl-1.2.19.tgz",
      "integrity": "sha512-awB1ZEh7AbxXGemT/d33F6F4bwClWSFjhcatrweG5o5gh16c4pBKTldg/TUY9EEFrQJVyYQklgl/D919GDLTFA==",
      "cpu": [
        "aarch64"
      ],
      "license": "MIT",
      "optional": true,
      "os": [
        "linux"
      ]
    },
    "node_modules/@oven/bun-linux-x64": {
      "version": "1.2.19",
      "resolved": "https://registry.npmmirror.com/@oven/bun-linux-x64/-/bun-linux-x64-1.2.19.tgz",
      "integrity": "sha512-vGhkEtcaPQjizoVAo+1hsVTixarOWxVgwbYZHgoi/pGGIdWWBGNlWnIUQirOv8JVtCMnzkYqrPMHR3EqSvQoFg==",
      "cpu": [
        "x64"
      ],
      "license": "MIT",
      "optional": true,
      "os": [
        "linux"
      ]
    },
    "node_modules/@oven/bun-linux-x64-baseline": {
      "version": "1.2.19",
      "resolved": "https://registry.npmmirror.com/@oven/bun-linux-x64-baseline/-/bun-linux-x64-baseline-1.2.19.tgz",
      "integrity": "sha512-gMp1J9fZ1eOrCM0jQblCWRMiU9t3a+wyyHtb0DdHVZpgSdGJ5UpWATfTYFUbmckgVfCJ6Qo8YSMcmtxRtPYgww==",
      "cpu": [
        "x64"
      ],
      "license": "MIT",
      "optional": true,
      "os": [
        "linux"
      ]
    },
    "node_modules/@oven/bun-linux-x64-musl": {
      "version": "1.2.19",
      "resolved": "https://registry.npmmirror.com/@oven/bun-linux-x64-musl/-/bun-linux-x64-musl-1.2.19.tgz",
      "integrity": "sha512-nUBP55pR8hpAZ9omKxkX1SmyEPcTL/ZMgnirC3BdFAec99uqijq8XEWWfSDAmpI8D428vjIhbafArmbutRR1VQ==",
      "cpu": [
        "x64"
      ],
      "license": "MIT",
      "optional": true,
      "os": [
        "linux"
      ]
    },
    "node_modules/@oven/bun-linux-x64-musl-baseline": {
      "version": "1.2.19",
      "resolved": "https://registry.npmmirror.com/@oven/bun-linux-x64-musl-baseline/-/bun-linux-x64-musl-baseline-1.2.19.tgz",
      "integrity": "sha512-9NkUMndXwSyDiDOwCtYoxdXIqg+f30dVm0FwZOUJp8SSuhx8Vaadc5gzzC+A8cGie/IwVchWzJw+mWLStAM8HQ==",
      "cpu": [
        "x64"
      ],
      "license": "MIT",
      "optional": true,
      "os": [
        "linux"
      ]
    },
    "node_modules/@oven/bun-windows-x64": {
      "version": "1.2.19",
      "resolved": "https://registry.npmmirror.com/@oven/bun-windows-x64/-/bun-windows-x64-1.2.19.tgz",
      "integrity": "sha512-5OIPUl8fKT/tpxX6pOJUfoAR32k9YdmXbte0zwahIVhyjCyFh0HKQHbfSeJZYV2AzVWbnELszDLRRLnzVbzYSQ==",
      "cpu": [
        "x64"
      ],
      "license": "MIT",
      "optional": true,
      "os": [
        "win32"
      ]
    },
    "node_modules/@oven/bun-windows-x64-baseline": {
      "version": "1.2.19",
      "resolved": "https://registry.npmmirror.com/@oven/bun-windows-x64-baseline/-/bun-windows-x64-baseline-1.2.19.tgz",
      "integrity": "sha512-OiD1xoVQuj8JHbrDqCQE3sU5r8VIaB9cCDym7BTnnMQLYzZxYEWWvBub8fc/yK7ctuoAS6V+p74Qda6RhDRHpg==",
      "cpu": [
        "x64"
      ],
      "license": "MIT",
      "optional": true,
      "os": [
        "win32"
      ]
    },
    "node_modules/@types/cors": {
      "resolved": "../../node_modules/.pnpm/@types+cors@2.8.17/node_modules/@types/cors",
      "link": true
    },
    "node_modules/@types/debug": {
      "version": "4.1.12",
      "license": "MIT",
      "dependencies": {
        "@types/ms": "*"
      }
    },
    "node_modules/@types/express": {
      "resolved": "../../node_modules/.pnpm/@types+express@4.17.21/node_modules/@types/express",
      "link": true
    },
    "node_modules/@types/jsonwebtoken": {
      "version": "9.0.10",
      "dev": true,
      "license": "MIT",
      "dependencies": {
        "@types/ms": "*",
        "@types/node": "*"
      }
    },
    "node_modules/@types/ldapjs": {
      "version": "3.0.6",
      "resolved": "https://registry.npmmirror.com/@types/ldapjs/-/ldapjs-3.0.6.tgz",
      "integrity": "sha512-E2Tn1ltJDYBsidOT9QG4engaQeQzRQ9aYNxVmjCkD33F7cIeLPgrRDXAYs0O35mK2YDU20c/+ZkNjeAPRGLM0Q==",
      "dev": true,
      "license": "MIT",
      "dependencies": {
        "@types/node": "*"
      }
    },
    "node_modules/@types/ms": {
      "version": "0.7.34",
      "license": "MIT"
    },
    "node_modules/@types/node": {
      "version": "22.10.1",
      "license": "MIT",
      "dependencies": {
        "undici-types": "~6.20.0"
      }
    },
    "node_modules/@types/qs": {
      "version": "6.9.17",
      "license": "MIT"
    },
    "node_modules/@types/xml-encryption": {
      "version": "1.2.4",
      "license": "MIT",
      "dependencies": {
        "@types/node": "*"
      }
    },
    "node_modules/@types/xml2js": {
      "resolved": "../../node_modules/.pnpm/@types+xml2js@0.4.14/node_modules/@types/xml2js",
      "link": true
    },
    "node_modules/@xmldom/is-dom-node": {
      "version": "1.0.1",
      "license": "MIT",
      "engines": {
        "node": ">= 16"
      }
    },
    "node_modules/@xmldom/xmldom": {
      "version": "0.8.10",
      "license": "MIT",
      "engines": {
        "node": ">=10.0.0"
      }
    },
    "node_modules/abstract-logging": {
      "version": "2.0.1",
      "resolved": "https://registry.npmmirror.com/abstract-logging/-/abstract-logging-2.0.1.tgz",
      "integrity": "sha512-2BjRTZxTPvheOvGbBslFSYOUkr+SjPtOnrLP33f+VIWLzezQpZcqVg7ja3L4dBXmzzgwT+a029jRx5PCi3JuiA==",
      "license": "MIT"
    },
    "node_modules/assert-plus": {
      "version": "1.0.0",
      "resolved": "https://registry.npmmirror.com/assert-plus/-/assert-plus-1.0.0.tgz",
      "integrity": "sha512-NfJ4UzBCcQGLDlQq7nHxH+tv3kyZ0hHQqF5BO6J7tNJeP5do1llPr8dZ8zHonfhAu0PHAdMkSo+8o0wxg9lZWw==",
      "license": "MIT",
      "engines": {
        "node": ">=0.8"
      }
    },
    "node_modules/asynckit": {
      "version": "0.4.0",
      "license": "MIT"
    },
    "node_modules/aws-ssl-profiles": {
      "version": "1.1.2",
      "resolved": "https://registry.npmmirror.com/aws-ssl-profiles/-/aws-ssl-profiles-1.1.2.tgz",
      "integrity": "sha512-NZKeq9AfyQvEeNlN0zSYAaWrmBffJh3IELMZfRpJVWgrpEbtEpnjvzqBPf+mxoI287JohRDoa+/nsfqqiZmF6g==",
      "engines": {
        "node": ">= 6.0.0"
      }
    },
    "node_modules/axios": {
      "version": "1.9.0",
      "license": "MIT",
      "dependencies": {
        "follow-redirects": "^1.15.6",
        "form-data": "^4.0.0",
        "proxy-from-env": "^1.1.0"
      }
    },
    "node_modules/backoff": {
      "version": "2.5.0",
      "resolved": "https://registry.npmmirror.com/backoff/-/backoff-2.5.0.tgz",
      "integrity": "sha512-wC5ihrnUXmR2douXmXLCe5O3zg3GKIyvRi/hi58a/XyRxVI+3/yM0PYueQOZXPXQ9pxBislYkw+sF9b7C/RuMA==",
      "license": "MIT",
      "dependencies": {
        "precond": "0.2"
      },
      "engines": {
        "node": ">= 0.6"
      }
    },
    "node_modules/buffer-equal-constant-time": {
      "version": "1.0.1",
      "license": "BSD-3-Clause"
    },
    "node_modules/bun": {
      "version": "1.2.19",
      "resolved": "https://registry.npmmirror.com/bun/-/bun-1.2.19.tgz",
      "integrity": "sha512-P70KUfH9cvgcl8Hjvamr98NinEatV23yX6qaY7z1+3rBPdds0oVX0u6FfrYnWc8F3ayFQ4do6/6xBLWY4itJkQ==",
      "cpu": [
        "arm64",
        "x64",
        "aarch64"
      ],
      "hasInstallScript": true,
      "license": "MIT",
      "os": [
        "darwin",
        "linux",
        "win32"
      ],
      "bin": {
        "bun": "bin/bun.exe",
        "bunx": "bin/bunx.exe"
      },
      "optionalDependencies": {
        "@oven/bun-darwin-aarch64": "1.2.19",
        "@oven/bun-darwin-x64": "1.2.19",
        "@oven/bun-darwin-x64-baseline": "1.2.19",
        "@oven/bun-linux-aarch64": "1.2.19",
        "@oven/bun-linux-aarch64-musl": "1.2.19",
        "@oven/bun-linux-x64": "1.2.19",
        "@oven/bun-linux-x64-baseline": "1.2.19",
        "@oven/bun-linux-x64-musl": "1.2.19",
        "@oven/bun-linux-x64-musl-baseline": "1.2.19",
        "@oven/bun-windows-x64": "1.2.19",
        "@oven/bun-windows-x64-baseline": "1.2.19"
      }
    },
    "node_modules/combined-stream": {
      "version": "1.0.8",
      "license": "MIT",
      "dependencies": {
        "delayed-stream": "~1.0.0"
      },
      "engines": {
        "node": ">= 0.8"
      }
    },
    "node_modules/core-util-is": {
      "version": "1.0.2",
      "resolved": "https://registry.npmmirror.com/core-util-is/-/core-util-is-1.0.2.tgz",
      "integrity": "sha512-3lqz5YjWTYnW6dlDa5TLaTCcShfar1e40rmcJVwCBJC6mWlFuj0eCHIElmG1g5kyuJ/GD+8Wn4FFCcz4gJPfaQ==",
      "license": "MIT"
    },
    "node_modules/cors": {
      "resolved": "../../node_modules/.pnpm/cors@2.8.5/node_modules/cors",
      "link": true
    },
    "node_modules/debug": {
      "version": "4.4.0",
      "license": "MIT",
      "dependencies": {
        "ms": "^2.1.3"
      },
      "engines": {
        "node": ">=6.0"
      },
      "peerDependenciesMeta": {
        "supports-color": {
          "optional": true
        }
      }
    },
    "node_modules/delayed-stream": {
      "version": "1.0.0",
      "license": "MIT",
      "engines": {
        "node": ">=0.4.0"
      }
    },
    "node_modules/denque": {
      "version": "2.1.0",
      "resolved": "https://registry.npmmirror.com/denque/-/denque-2.1.0.tgz",
      "integrity": "sha512-HVQE3AAb/pxF8fQAoiqpvg9i3evqug3hoiwakOyZAwJm+6vZehbkYXZ0l4JxS+I3QxM97v5aaRNhj8v5oBhekw==",
      "engines": {
        "node": ">=0.10"
      }
    },
    "node_modules/dotenv": {
      "resolved": "../../node_modules/.pnpm/dotenv@16.4.7/node_modules/dotenv",
      "link": true
    },
    "node_modules/ecdsa-sig-formatter": {
      "version": "1.0.11",
      "license": "Apache-2.0",
      "dependencies": {
        "safe-buffer": "^5.0.1"
      }
    },
    "node_modules/escape-html": {
      "version": "1.0.3",
      "license": "MIT"
    },
    "node_modules/express": {
      "resolved": "../../node_modules/.pnpm/express@4.21.2/node_modules/express",
      "link": true
    },
    "node_modules/extsprintf": {
      "version": "1.4.1",
      "resolved": "https://registry.npmmirror.com/extsprintf/-/extsprintf-1.4.1.tgz",
      "integrity": "sha512-Wrk35e8ydCKDj/ArClo1VrPVmN8zph5V4AtHwIuHhvMXsKf73UT3BOD+azBIW+3wOJ4FhEH7zyaJCFvChjYvMA==",
      "engines": [
        "node >=0.6.0"
      ],
      "license": "MIT"
    },
    "node_modules/follow-redirects": {
      "version": "1.15.9",
      "funding": [
        {
          "type": "individual",
          "url": "https://github.com/sponsors/RubenVerborgh"
        }
      ],
      "license": "MIT",
      "engines": {
        "node": ">=4.0"
      },
      "peerDependenciesMeta": {
        "debug": {
          "optional": true
        }
      }
    },
    "node_modules/form-data": {
      "version": "4.0.1",
      "license": "MIT",
      "dependencies": {
        "asynckit": "^0.4.0",
        "combined-stream": "^1.0.8",
        "mime-types": "^2.1.12"
      },
      "engines": {
        "node": ">= 6"
      }
    },
    "node_modules/generate-function": {
      "version": "2.3.1",
      "resolved": "https://registry.npmmirror.com/generate-function/-/generate-function-2.3.1.tgz",
      "integrity": "sha512-eeB5GfMNeevm/GRYq20ShmsaGcmI81kIX2K9XQx5miC8KdHaC6Jm0qQ8ZNeGOi7wYB8OsdxKs+Y2oVuTFuVwKQ==",
      "dependencies": {
        "is-property": "^1.0.2"
      }
    },
    "node_modules/is-property": {
      "version": "1.0.2",
      "resolved": "https://registry.npmmirror.com/is-property/-/is-property-1.0.2.tgz",
      "integrity": "sha512-Ks/IoX00TtClbGQr4TWXemAnktAQvYB7HzcCxDGqEZU6oCmb2INHuOoKxbtR+HFkmYWBKv/dOZtGRiAjDhj92g=="
    },
    "node_modules/jsonwebtoken": {
      "version": "9.0.2",
      "license": "MIT",
      "dependencies": {
        "jws": "^3.2.2",
        "lodash.includes": "^4.3.0",
        "lodash.isboolean": "^3.0.3",
        "lodash.isinteger": "^4.0.4",
        "lodash.isnumber": "^3.0.3",
        "lodash.isplainobject": "^4.0.6",
        "lodash.isstring": "^4.0.1",
        "lodash.once": "^4.0.0",
        "ms": "^2.1.1",
        "semver": "^7.5.4"
      },
      "engines": {
        "node": ">=12",
        "npm": ">=6"
      }
    },
    "node_modules/jwa": {
      "version": "1.4.2",
      "license": "MIT",
      "dependencies": {
        "buffer-equal-constant-time": "^1.0.1",
        "ecdsa-sig-formatter": "1.0.11",
        "safe-buffer": "^5.0.1"
      }
    },
    "node_modules/jws": {
      "version": "3.2.2",
      "license": "MIT",
      "dependencies": {
        "jwa": "^1.4.1",
        "safe-buffer": "^5.0.1"
      }
    },
    "node_modules/ldapjs": {
      "version": "3.0.7",
      "resolved": "https://registry.npmmirror.com/ldapjs/-/ldapjs-3.0.7.tgz",
      "integrity": "sha512-1ky+WrN+4CFMuoekUOv7Y1037XWdjKpu0xAPwSP+9KdvmV9PG+qOKlssDV6a+U32apwxdD3is/BZcWOYzN30cg==",
      "deprecated": "This package has been decomissioned. See https://github.com/ldapjs/node-ldapjs/blob/8ffd0bc9c149088a10ec4c1ec6a18450f76ad05d/README.md",
      "license": "MIT",
      "dependencies": {
        "@ldapjs/asn1": "^2.0.0",
        "@ldapjs/attribute": "^1.0.0",
        "@ldapjs/change": "^1.0.0",
        "@ldapjs/controls": "^2.1.0",
        "@ldapjs/dn": "^1.1.0",
        "@ldapjs/filter": "^2.1.1",
        "@ldapjs/messages": "^1.3.0",
        "@ldapjs/protocol": "^1.2.1",
        "abstract-logging": "^2.0.1",
        "assert-plus": "^1.0.0",
        "backoff": "^2.5.0",
        "once": "^1.4.0",
        "vasync": "^2.2.1",
        "verror": "^1.10.1"
      }
    },
    "node_modules/lodash.includes": {
      "version": "4.3.0",
      "license": "MIT"
    },
    "node_modules/lodash.isboolean": {
      "version": "3.0.3",
      "license": "MIT"
    },
    "node_modules/lodash.isinteger": {
      "version": "4.0.4",
      "license": "MIT"
    },
    "node_modules/lodash.isnumber": {
      "version": "3.0.3",
      "license": "MIT"
    },
    "node_modules/lodash.isplainobject": {
      "version": "4.0.6",
      "license": "MIT"
    },
    "node_modules/lodash.isstring": {
      "version": "4.0.1",
      "license": "MIT"
    },
    "node_modules/lodash.once": {
      "version": "4.1.1",
      "license": "MIT"
    },
    "node_modules/long": {
      "version": "5.3.2",
      "resolved": "https://registry.npmmirror.com/long/-/long-5.3.2.tgz",
      "integrity": "sha512-mNAgZ1GmyNhD7AuqnTG3/VQ26o760+ZYBPKjPvugO8+nLbYfX6TVpJPseBvopbdY+qpZ/lKUnmEc1LeZYS3QAA=="
    },
    "node_modules/lru-cache": {
      "version": "7.18.3",
      "resolved": "https://registry.npmmirror.com/lru-cache/-/lru-cache-7.18.3.tgz",
      "integrity": "sha512-jumlc0BIUrS3qJGgIkWZsyfAM7NCWiBcCDhnd+3NNM5KbBmLTgHVfWBcg6W+rLUsIpzpERPsvwUP7CckAQSOoA==",
      "engines": {
        "node": ">=12"
      }
    },
    "node_modules/lru.min": {
      "version": "1.1.2",
      "resolved": "https://registry.npmmirror.com/lru.min/-/lru.min-1.1.2.tgz",
      "integrity": "sha512-Nv9KddBcQSlQopmBHXSsZVY5xsdlZkdH/Iey0BlcBYggMd4two7cZnKOK9vmy3nY0O5RGH99z1PCeTpPqszUYg==",
      "engines": {
        "bun": ">=1.0.0",
        "deno": ">=1.30.0",
        "node": ">=8.0.0"
      },
      "funding": {
        "type": "github",
        "url": "https://github.com/sponsors/wellwelwel"
      }
    },
    "node_modules/metadata-saml2": {
      "resolved": "../../node_modules/.pnpm/metadata-saml2@2.0.1/node_modules/metadata-saml2",
      "link": true
    },
    "node_modules/mime-db": {
      "version": "1.52.0",
      "license": "MIT",
      "engines": {
        "node": ">= 0.6"
      }
    },
    "node_modules/mime-types": {
      "version": "2.1.35",
      "license": "MIT",
      "dependencies": {
        "mime-db": "1.52.0"
      },
      "engines": {
        "node": ">= 0.6"
      }
    },
    "node_modules/ms": {
      "version": "2.1.3",
      "license": "MIT"
    },
    "node_modules/mysql2": {
      "version": "3.14.1",
      "resolved": "https://registry.npmmirror.com/mysql2/-/mysql2-3.14.1.tgz",
      "integrity": "sha512-7ytuPQJjQB8TNAYX/H2yhL+iQOnIBjAMam361R7UAL0lOVXWjtdrmoL9HYKqKoLp/8UUTRcvo1QPvK9KL7wA8w==",
      "dependencies": {
        "aws-ssl-profiles": "^1.1.1",
        "denque": "^2.1.0",
        "generate-function": "^2.3.1",
        "iconv-lite": "^0.6.3",
        "long": "^5.2.1",
        "lru.min": "^1.0.0",
        "named-placeholders": "^1.1.3",
        "seq-queue": "^0.0.5",
        "sqlstring": "^2.3.2"
      },
      "engines": {
        "node": ">= 8.0"
      }
    },
    "node_modules/mysql2/node_modules/iconv-lite": {
      "version": "0.6.3",
      "resolved": "https://registry.npmmirror.com/iconv-lite/-/iconv-lite-0.6.3.tgz",
      "integrity": "sha512-4fCk79wshMdzMp2rH06qWrJE4iolqLhCUH+OiuIgU++RB0+94NlDL81atO7GX55uUKueo0txHNtvEyI6D7WdMw==",
      "dependencies": {
        "safer-buffer": ">= 2.1.2 < 3.0.0"
      },
      "engines": {
        "node": ">=0.10.0"
      }
    },
    "node_modules/named-placeholders": {
      "version": "1.1.3",
      "resolved": "https://registry.npmmirror.com/named-placeholders/-/named-placeholders-1.1.3.tgz",
      "integrity": "sha512-eLoBxg6wE/rZkJPhU/xRX1WTpkFEwDJEN96oxFrTsqBdbT5ec295Q+CoHrL9IT0DipqKhmGcaZmwOt8OON5x1w==",
      "dependencies": {
        "lru-cache": "^7.14.1"
      },
      "engines": {
        "node": ">=12.0.0"
      }
    },
    "node_modules/once": {
      "version": "1.4.0",
      "resolved": "https://registry.npmmirror.com/once/-/once-1.4.0.tgz",
      "integrity": "sha512-lNaJgI+2Q5URQBkccEKHTQOPaXdUxnZZElQTZY0MFUAuaEqe1E+Nyvgdz/aIyNi6Z9MzO5dv1H8n58/GELp3+w==",
      "license": "ISC",
      "dependencies": {
        "wrappy": "1"
      }
    },
    "node_modules/precond": {
      "version": "0.2.3",
      "resolved": "https://registry.npmmirror.com/precond/-/precond-0.2.3.tgz",
      "integrity": "sha512-QCYG84SgGyGzqJ/vlMsxeXd/pgL/I94ixdNFyh1PusWmTCyVfPJjZ1K1jvHtsbfnXQs2TSkEP2fR7QiMZAnKFQ==",
      "engines": {
        "node": ">= 0.6"
      }
    },
    "node_modules/process-warning": {
      "version": "2.3.2",
      "resolved": "https://registry.npmmirror.com/process-warning/-/process-warning-2.3.2.tgz",
      "integrity": "sha512-n9wh8tvBe5sFmsqlg+XQhaQLumwpqoAUruLwjCopgTmUBjJ/fjtBsJzKleCaIGBOMXYEhp1YfKl4d7rJ5ZKJGA==",
      "license": "MIT"
    },
    "node_modules/proxy-from-env": {
      "version": "1.1.0",
      "license": "MIT"
    },
    "node_modules/safe-buffer": {
      "version": "5.2.1",
      "funding": [
        {
          "type": "github",
          "url": "https://github.com/sponsors/feross"
        },
        {
          "type": "patreon",
          "url": "https://www.patreon.com/feross"
        },
        {
          "type": "consulting",
          "url": "https://feross.org/support"
        }
      ],
      "license": "MIT"
    },
    "node_modules/safer-buffer": {
      "version": "2.1.2",
      "license": "MIT"
    },
    "node_modules/semver": {
      "version": "7.7.2",
      "license": "ISC",
      "bin": {
        "semver": "bin/semver.js"
      },
      "engines": {
        "node": ">=10"
      }
    },
    "node_modules/seq-queue": {
      "version": "0.0.5",
      "resolved": "https://registry.npmmirror.com/seq-queue/-/seq-queue-0.0.5.tgz",
      "integrity": "sha512-hr3Wtp/GZIc/6DAGPDcV4/9WoZhjrkXsi5B/07QgX8tsdc6ilr7BFM6PM6rbdAX1kFSDYeZGLipIZZKyQP0O5Q=="
    },
    "node_modules/sqlstring": {
      "version": "2.3.3",
      "resolved": "https://registry.npmmirror.com/sqlstring/-/sqlstring-2.3.3.tgz",
      "integrity": "sha512-qC9iz2FlN7DQl3+wjwn3802RTyjCx7sDvfQEXchwa6CWOx07/WVfh91gBmQ9fahw8snwGEWU3xGzOt4tFyHLxg==",
      "engines": {
        "node": ">= 0.6"
      }
    },
    "node_modules/undici-types": {
      "version": "6.20.0",
      "license": "MIT"
    },
    "node_modules/vasync": {
      "version": "2.2.1",
      "resolved": "https://registry.npmmirror.com/vasync/-/vasync-2.2.1.tgz",
      "integrity": "sha512-Hq72JaTpcTFdWiNA4Y22Amej2GH3BFmBaKPPlDZ4/oC8HNn2ISHLkFrJU4Ds8R3jcUi7oo5Y9jcMHKjES+N9wQ==",
      "engines": [
        "node >=0.6.0"
      ],
      "license": "MIT",
      "dependencies": {
        "verror": "1.10.0"
      }
    },
    "node_modules/vasync/node_modules/verror": {
      "version": "1.10.0",
      "resolved": "https://registry.npmmirror.com/verror/-/verror-1.10.0.tgz",
      "integrity": "sha512-ZZKSmDAEFOijERBLkmYfJ+vmk3w+7hOLYDNkRCuRuMJGEmqYNCNLyBBFwWKVMhfwaEF3WOd0Zlw86U/WC/+nYw==",
      "engines": [
        "node >=0.6.0"
      ],
      "license": "MIT",
      "dependencies": {
        "assert-plus": "^1.0.0",
        "core-util-is": "1.0.2",
        "extsprintf": "^1.2.0"
      }
    },
    "node_modules/verror": {
      "version": "1.10.1",
      "resolved": "https://registry.npmmirror.com/verror/-/verror-1.10.1.tgz",
      "integrity": "sha512-veufcmxri4e3XSrT0xwfUR7kguIkaxBeosDg00yDWhk49wdwkSUrvvsm7nc75e1PUyvIeZj6nS8VQRYz2/S4Xg==",
      "license": "MIT",
      "dependencies": {
        "assert-plus": "^1.0.0",
        "core-util-is": "1.0.2",
        "extsprintf": "^1.2.0"
      },
      "engines": {
        "node": ">=0.6.0"
      }
    },
    "node_modules/wrappy": {
      "version": "1.0.2",
      "resolved": "https://registry.npmmirror.com/wrappy/-/wrappy-1.0.2.tgz",
      "integrity": "sha512-l4Sp/DRseor9wL6EvV2+TuQn63dMkPjZ/sp9XkghTEbV9KlPS1xUsZ3u7/IQO4wxtcFB4bgpQPRcR3QCvezPcQ==",
      "license": "ISC"
    },
    "node_modules/xml-crypto": {
      "version": "6.0.0",
      "license": "MIT",
      "dependencies": {
        "@xmldom/is-dom-node": "^1.0.1",
        "@xmldom/xmldom": "^0.8.10",
        "xpath": "^0.0.33"
      },
      "engines": {
        "node": ">=16"
      }
    },
    "node_modules/xml-crypto/node_modules/xpath": {
      "version": "0.0.33",
      "license": "MIT",
      "engines": {
        "node": ">=0.6.0"
      }
    },
    "node_modules/xml-encryption": {
      "version": "3.0.2",
      "license": "MIT",
      "dependencies": {
        "@xmldom/xmldom": "^0.8.5",
        "escape-html": "^1.0.3",
        "xpath": "0.0.32"
      },
      "engines": {
        "node": ">=12"
      }
    },
    "node_modules/xml-encryption/node_modules/xpath": {
      "version": "0.0.32",
      "license": "MIT",
      "engines": {
        "node": ">=0.6.0"
      }
    },
    "node_modules/xml2js": {
      "resolved": "../../node_modules/.pnpm/xml2js@0.6.2/node_modules/xml2js",
      "link": true
    },
    "node_modules/xmlbuilder": {
      "version": "15.1.1",
      "license": "MIT",
      "engines": {
        "node": ">=8.0"
      }
    },
    "node_modules/xpath": {
      "version": "0.0.34",
      "license": "MIT",
      "engines": {
        "node": ">=0.6.0"
      }
    }
  }
}
